// !$*UTF8*$!
{
	archiveVersion = 1;
	classes = {
	};
	objectVersion = 56;
	objects = {

/* Begin PBXBuildFile section */
		87806DCF2A6BEECD00EA1C70 /* AppDelegate.swift in Sources */ = {isa = PBXBuildFile; fileRef = 87806DCE2A6BEECD00EA1C70 /* AppDelegate.swift */; };
		87806DD12A6BEECD00EA1C70 /* SceneDelegate.swift in Sources */ = {isa = PBXBuildFile; fileRef = 87806DD02A6BEECD00EA1C70 /* SceneDelegate.swift */; };
		87806DD32A6BEECD00EA1C70 /* ViewController.swift in Sources */ = {isa = PBXBuildFile; fileRef = 87806DD22A6BEECD00EA1C70 /* ViewController.swift */; };
		87806DD62A6BEECD00EA1C70 /* Main.storyboard in Resources */ = {isa = PBXBuildFile; fileRef = 87806DD42A6BEECD00EA1C70 /* Main.storyboard */; };
		87806DD82A6BEED000EA1C70 /* Assets.xcassets in Resources */ = {isa = PBXBuildFile; fileRef = 87806DD72A6BEED000EA1C70 /* Assets.xcassets */; };
		87806DDB2A6BEED000EA1C70 /* LaunchScreen.storyboard in Resources */ = {isa = PBXBuildFile; fileRef = 87806DD92A6BEED000EA1C70 /* LaunchScreen.storyboard */; };
		87806DE82A6BEF2200EA1C70 /* EventSupportGaugeView.swift in Sources */ = {isa = PBXBuildFile; fileRef = 87806DE72A6BEF2200EA1C70 /* EventSupportGaugeView.swift */; };
		87806DEA2A6BF59A00EA1C70 /* EventSupportGaugeBarView.swift in Sources */ = {isa = PBXBuildFile; fileRef = 87806DE92A6BF59A00EA1C70 /* EventSupportGaugeBarView.swift */; };
		87806DED2A6BF6BB00EA1C70 /* Color.swift in Sources */ = {isa = PBXBuildFile; fileRef = 87806DEC2A6BF6BB00EA1C70 /* Color.swift */; };
		87D412E02A6CF9FE00B51FB0 /* GaugeTergetPath.swift in Sources */ = {isa = PBXBuildFile; fileRef = 87D412DF2A6CF9FE00B51FB0 /* GaugeTergetPath.swift */; };
/* End PBXBuildFile section */

/* Begin PBXFileReference section */
		87806DCB2A6BEECD00EA1C70 /* SwiftWorkspace.app */ = {isa = PBXFileReference; explicitFileType = wrapper.application; includeInIndex = 0; path = SwiftWorkspace.app; sourceTree = BUILT_PRODUCTS_DIR; };
		87806DCE2A6BEECD00EA1C70 /* AppDelegate.swift */ = {isa = PBXFileReference; lastKnownFileType = sourcecode.swift; path = AppDelegate.swift; sourceTree = "<group>"; };
		87806DD02A6BEECD00EA1C70 /* SceneDelegate.swift */ = {isa = PBXFileReference; lastKnownFileType = sourcecode.swift; path = SceneDelegate.swift; sourceTree = "<group>"; };
		87806DD22A6BEECD00EA1C70 /* ViewController.swift */ = {isa = PBXFileReference; lastKnownFileType = sourcecode.swift; path = ViewController.swift; sourceTree = "<group>"; };
		87806DD52A6BEECD00EA1C70 /* Base */ = {isa = PBXFileReference; lastKnownFileType = file.storyboard; name = Base; path = Base.lproj/Main.storyboard; sourceTree = "<group>"; };
		87806DD72A6BEED000EA1C70 /* Assets.xcassets */ = {isa = PBXFileReference; lastKnownFileType = folder.assetcatalog; path = Assets.xcassets; sourceTree = "<group>"; };
		87806DDA2A6BEED000EA1C70 /* Base */ = {isa = PBXFileReference; lastKnownFileType = file.storyboard; name = Base; path = Base.lproj/LaunchScreen.storyboard; sourceTree = "<group>"; };
		87806DDC2A6BEED000EA1C70 /* Info.plist */ = {isa = PBXFileReference; lastKnownFileType = text.plist.xml; path = Info.plist; sourceTree = "<group>"; };
		87806DE72A6BEF2200EA1C70 /* EventSupportGaugeView.swift */ = {isa = PBXFileReference; lastKnownFileType = sourcecode.swift; path = EventSupportGaugeView.swift; sourceTree = "<group>"; };
		87806DE92A6BF59A00EA1C70 /* EventSupportGaugeBarView.swift */ = {isa = PBXFileReference; lastKnownFileType = sourcecode.swift; path = EventSupportGaugeBarView.swift; sourceTree = "<group>"; };
		87806DEC2A6BF6BB00EA1C70 /* Color.swift */ = {isa = PBXFileReference; lastKnownFileType = sourcecode.swift; path = Color.swift; sourceTree = "<group>"; };
		87D412DF2A6CF9FE00B51FB0 /* GaugeTergetPath.swift */ = {isa = PBXFileReference; lastKnownFileType = sourcecode.swift; path = GaugeTergetPath.swift; sourceTree = "<group>"; };
/* End PBXFileReference section */

/* Begin PBXFrameworksBuildPhase section */
		87806DC82A6BEECD00EA1C70 /* Frameworks */ = {
			isa = PBXFrameworksBuildPhase;
			buildActionMask = 2147483647;
			files = (
			);
			runOnlyForDeploymentPostprocessing = 0;
		};
/* End PBXFrameworksBuildPhase section */

/* Begin PBXGroup section */
		87806DC22A6BEECC00EA1C70 = {
			isa = PBXGroup;
			children = (
				87806DCD2A6BEECD00EA1C70 /* SwiftWorkspace */,
				87806DCC2A6BEECD00EA1C70 /* Products */,
			);
			sourceTree = "<group>";
		};
		87806DCC2A6BEECD00EA1C70 /* Products */ = {
			isa = PBXGroup;
			children = (
				87806DCB2A6BEECD00EA1C70 /* SwiftWorkspace.app */,
			);
			name = Products;
			sourceTree = "<group>";
		};
		87806DCD2A6BEECD00EA1C70 /* SwiftWorkspace */ = {
			isa = PBXGroup;
			children = (
				87806DEB2A6BF6AE00EA1C70 /* Resource */,
				87806DE32A6BEEEE00EA1C70 /* SwiftUI */,
				87806DCE2A6BEECD00EA1C70 /* AppDelegate.swift */,
				87806DD02A6BEECD00EA1C70 /* SceneDelegate.swift */,
				87806DD22A6BEECD00EA1C70 /* ViewController.swift */,
				87806DD42A6BEECD00EA1C70 /* Main.storyboard */,
				87806DD92A6BEED000EA1C70 /* LaunchScreen.storyboard */,
				87806DDC2A6BEED000EA1C70 /* Info.plist */,
			);
			path = SwiftWorkspace;
			sourceTree = "<group>";
		};
		87806DE32A6BEEEE00EA1C70 /* SwiftUI */ = {
			isa = PBXGroup;
			children = (
				87806DE42A6BEEFA00EA1C70 /* InRoomMenu */,
			);
			path = SwiftUI;
			sourceTree = "<group>";
		};
		87806DE42A6BEEFA00EA1C70 /* InRoomMenu */ = {
			isa = PBXGroup;
			children = (
				87806DE52A6BEF0300EA1C70 /* EventTab */,
			);
			path = InRoomMenu;
			sourceTree = "<group>";
		};
		87806DE52A6BEF0300EA1C70 /* EventTab */ = {
			isa = PBXGroup;
			children = (
				87806DE62A6BEF0A00EA1C70 /* Components */,
			);
			path = EventTab;
			sourceTree = "<group>";
		};
		87806DE62A6BEF0A00EA1C70 /* Components */ = {
			isa = PBXGroup;
			children = (
				87D412DE2A6CF98800B51FB0 /* GaugeView */,
			);
			path = Components;
			sourceTree = "<group>";
		};
		87806DEB2A6BF6AE00EA1C70 /* Resource */ = {
			isa = PBXGroup;
			children = (
				87806DD72A6BEED000EA1C70 /* Assets.xcassets */,
				87806DEC2A6BF6BB00EA1C70 /* Color.swift */,
			);
			path = Resource;
			sourceTree = "<group>";
		};
		87D412DE2A6CF98800B51FB0 /* GaugeView */ = {
			isa = PBXGroup;
			children = (
				87806DE72A6BEF2200EA1C70 /* EventSupportGaugeView.swift */,
				87806DE92A6BF59A00EA1C70 /* EventSupportGaugeBarView.swift */,
				87D412DF2A6CF9FE00B51FB0 /* GaugeTergetPath.swift */,
			);
			path = GaugeView;
			sourceTree = "<group>";
		};
/* End PBXGroup section */

/* Begin PBXNativeTarget section */
		87806DCA2A6BEECD00EA1C70 /* SwiftWorkspace */ = {
			isa = PBXNativeTarget;
			buildConfigurationList = 87806DDF2A6BEED000EA1C70 /* Build configuration list for PBXNativeTarget "SwiftWorkspace" */;
			buildPhases = (
				87806DC72A6BEECD00EA1C70 /* Sources */,
				87806DC82A6BEECD00EA1C70 /* Frameworks */,
				87806DC92A6BEECD00EA1C70 /* Resources */,
			);
			buildRules = (
			);
			dependencies = (
			);
			name = SwiftWorkspace;
			productName = ShowRoomTest;
			productReference = 87806DCB2A6BEECD00EA1C70 /* SwiftWorkspace.app */;
			productType = "com.apple.product-type.application";
		};
/* End PBXNativeTarget section */

/* Begin PBXProject section */
		87806DC32A6BEECC00EA1C70 /* Project object */ = {
			isa = PBXProject;
			attributes = {
				BuildIndependentTargetsInParallel = 1;
				LastSwiftUpdateCheck = 1420;
				LastUpgradeCheck = 1420;
				TargetAttributes = {
					87806DCA2A6BEECD00EA1C70 = {
						CreatedOnToolsVersion = 14.2;
					};
				};
			};
			buildConfigurationList = 87806DC62A6BEECC00EA1C70 /* Build configuration list for PBXProject "SwiftWorkspace" */;
			compatibilityVersion = "Xcode 14.0";
			developmentRegion = en;
			hasScannedForEncodings = 0;
			knownRegions = (
				en,
				Base,
			);
			mainGroup = 87806DC22A6BEECC00EA1C70;
			productRefGroup = 87806DCC2A6BEECD00EA1C70 /* Products */;
			projectDirPath = "";
			projectRoot = "";
			targets = (
				87806DCA2A6BEECD00EA1C70 /* SwiftWorkspace */,
			);
		};
/* End PBXProject section */

/* Begin PBXResourcesBuildPhase section */
		87806DC92A6BEECD00EA1C70 /* Resources */ = {
			isa = PBXResourcesBuildPhase;
			buildActionMask = 2147483647;
			files = (
				87806DDB2A6BEED000EA1C70 /* LaunchScreen.storyboard in Resources */,
				87806DD82A6BEED000EA1C70 /* Assets.xcassets in Resources */,
				87806DD62A6BEECD00EA1C70 /* Main.storyboard in Resources */,
			);
			runOnlyForDeploymentPostprocessing = 0;
		};
/* End PBXResourcesBuildPhase section */

/* Begin PBXSourcesBuildPhase section */
		87806DC72A6BEECD00EA1C70 /* Sources */ = {
			isa = PBXSourcesBuildPhase;
			buildActionMask = 2147483647;
			files = (
				87806DD32A6BEECD00EA1C70 /* ViewController.swift in Sources */,
				87806DE82A6BEF2200EA1C70 /* EventSupportGaugeView.swift in Sources */,
				87806DCF2A6BEECD00EA1C70 /* AppDelegate.swift in Sources */,
				87806DEA2A6BF59A00EA1C70 /* EventSupportGaugeBarView.swift in Sources */,
				87D412E02A6CF9FE00B51FB0 /* GaugeTergetPath.swift in Sources */,
				87806DD12A6BEECD00EA1C70 /* SceneDelegate.swift in Sources */,
				87806DED2A6BF6BB00EA1C70 /* Color.swift in Sources */,
			);
			runOnlyForDeploymentPostprocessing = 0;
		};
/* End PBXSourcesBuildPhase section */

/* Begin PBXVariantGroup section */
		87806DD42A6BEECD00EA1C70 /* Main.storyboard */ = {
			isa = PBXVariantGroup;
			children = (
				87806DD52A6BEECD00EA1C70 /* Base */,
			);
			name = Main.storyboard;
			sourceTree = "<group>";
		};
		87806DD92A6BEED000EA1C70 /* LaunchScreen.storyboard */ = {
			isa = PBXVariantGroup;
			children = (
				87806DDA2A6BEED000EA1C70 /* Base */,
			);
			name = LaunchScreen.storyboard;
			sourceTree = "<group>";
		};
/* End PBXVariantGroup section */

/* Begin XCBuildConfiguration section */
		87806DDD2A6BEED000EA1C70 /* Debug */ = {
			isa = XCBuildConfiguration;
			buildSettings = {
				ALWAYS_SEARCH_USER_PATHS = NO;
				CLANG_ANALYZER_NONNULL = YES;
				CLANG_ANALYZER_NUMBER_OBJECT_CONVERSION = YES_AGGRESSIVE;
				CLANG_CXX_LANGUAGE_STANDARD = "gnu++20";
				CLANG_ENABLE_MODULES = YES;
				CLANG_ENABLE_OBJC_ARC = YES;
				CLANG_ENABLE_OBJC_WEAK = YES;
				CLANG_WARN_BLOCK_CAPTURE_AUTORELEASING = YES;
				CLANG_WARN_BOOL_CONVERSION = YES;
				CLANG_WARN_COMMA = YES;
				CLANG_WARN_CONSTANT_CONVERSION = YES;
				CLANG_WARN_DEPRECATED_OBJC_IMPLEMENTATIONS = YES;
				CLANG_WARN_DIRECT_OBJC_ISA_USAGE = YES_ERROR;
				CLANG_WARN_DOCUMENTATION_COMMENTS = YES;
				CLANG_WARN_EMPTY_BODY = YES;
				CLANG_WARN_ENUM_CONVERSION = YES;
				CLANG_WARN_INFINITE_RECURSION = YES;
				CLANG_WARN_INT_CONVERSION = YES;
				CLANG_WARN_NON_LITERAL_NULL_CONVERSION = YES;
				CLANG_WARN_OBJC_IMPLICIT_RETAIN_SELF = YES;
				CLANG_WARN_OBJC_LITERAL_CONVERSION = YES;
				CLANG_WARN_OBJC_ROOT_CLASS = YES_ERROR;
				CLANG_WARN_QUOTED_INCLUDE_IN_FRAMEWORK_HEADER = YES;
				CLANG_WARN_RANGE_LOOP_ANALYSIS = YES;
				CLANG_WARN_STRICT_PROTOTYPES = YES;
				CLANG_WARN_SUSPICIOUS_MOVE = YES;
				CLANG_WARN_UNGUARDED_AVAILABILITY = YES_AGGRESSIVE;
				CLANG_WARN_UNREACHABLE_CODE = YES;
				CLANG_WARN__DUPLICATE_METHOD_MATCH = YES;
				COPY_PHASE_STRIP = NO;
				DEBUG_INFORMATION_FORMAT = dwarf;
				ENABLE_STRICT_OBJC_MSGSEND = YES;
				ENABLE_TESTABILITY = YES;
				GCC_C_LANGUAGE_STANDARD = gnu11;
				GCC_DYNAMIC_NO_PIC = NO;
				GCC_NO_COMMON_BLOCKS = YES;
				GCC_OPTIMIZATION_LEVEL = 0;
				GCC_PREPROCESSOR_DEFINITIONS = (
					"DEBUG=1",
					"$(inherited)",
				);
				GCC_WARN_64_TO_32_BIT_CONVERSION = YES;
				GCC_WARN_ABOUT_RETURN_TYPE = YES_ERROR;
				GCC_WARN_UNDECLARED_SELECTOR = YES;
				GCC_WARN_UNINITIALIZED_AUTOS = YES_AGGRESSIVE;
				GCC_WARN_UNUSED_FUNCTION = YES;
				GCC_WARN_UNUSED_VARIABLE = YES;
				IPHONEOS_DEPLOYMENT_TARGET = 15.0;
				MTL_ENABLE_DEBUG_INFO = INCLUDE_SOURCE;
				MTL_FAST_MATH = YES;
				ONLY_ACTIVE_ARCH = YES;
				SDKROOT = iphoneos;
				SWIFT_ACTIVE_COMPILATION_CONDITIONS = DEBUG;
				SWIFT_OPTIMIZATION_LEVEL = "-Onone";
			};
			name = Debug;
		};
		87806DDE2A6BEED000EA1C70 /* Release */ = {
			isa = XCBuildConfiguration;
			buildSettings = {
				ALWAYS_SEARCH_USER_PATHS = NO;
				CLANG_ANALYZER_NONNULL = YES;
				CLANG_ANALYZER_NUMBER_OBJECT_CONVERSION = YES_AGGRESSIVE;
				CLANG_CXX_LANGUAGE_STANDARD = "gnu++20";
				CLANG_ENABLE_MODULES = YES;
				CLANG_ENABLE_OBJC_ARC = YES;
				CLANG_ENABLE_OBJC_WEAK = YES;
				CLANG_WARN_BLOCK_CAPTURE_AUTORELEASING = YES;
				CLANG_WARN_BOOL_CONVERSION = YES;
				CLANG_WARN_COMMA = YES;
				CLANG_WARN_CONSTANT_CONVERSION = YES;
				CLANG_WARN_DEPRECATED_OBJC_IMPLEMENTATIONS = YES;
				CLANG_WARN_DIRECT_OBJC_ISA_USAGE = YES_ERROR;
				CLANG_WARN_DOCUMENTATION_COMMENTS = YES;
				CLANG_WARN_EMPTY_BODY = YES;
				CLANG_WARN_ENUM_CONVERSION = YES;
				CLANG_WARN_INFINITE_RECURSION = YES;
				CLANG_WARN_INT_CONVERSION = YES;
				CLANG_WARN_NON_LITERAL_NULL_CONVERSION = YES;
				CLANG_WARN_OBJC_IMPLICIT_RETAIN_SELF = YES;
				CLANG_WARN_OBJC_LITERAL_CONVERSION = YES;
				CLANG_WARN_OBJC_ROOT_CLASS = YES_ERROR;
				CLANG_WARN_QUOTED_INCLUDE_IN_FRAMEWORK_HEADER = YES;
				CLANG_WARN_RANGE_LOOP_ANALYSIS = YES;
				CLANG_WARN_STRICT_PROTOTYPES = YES;
				CLANG_WARN_SUSPICIOUS_MOVE = YES;
				CLANG_WARN_UNGUARDED_AVAILABILITY = YES_AGGRESSIVE;
				CLANG_WARN_UNREACHABLE_CODE = YES;
				CLANG_WARN__DUPLICATE_METHOD_MATCH = YES;
				COPY_PHASE_STRIP = NO;
				DEBUG_INFORMATION_FORMAT = "dwarf-with-dsym";
				ENABLE_NS_ASSERTIONS = NO;
				ENABLE_STRICT_OBJC_MSGSEND = YES;
				GCC_C_LANGUAGE_STANDARD = gnu11;
				GCC_NO_COMMON_BLOCKS = YES;
				GCC_WARN_64_TO_32_BIT_CONVERSION = YES;
				GCC_WARN_ABOUT_RETURN_TYPE = YES_ERROR;
				GCC_WARN_UNDECLARED_SELECTOR = YES;
				GCC_WARN_UNINITIALIZED_AUTOS = YES_AGGRESSIVE;
				GCC_WARN_UNUSED_FUNCTION = YES;
				GCC_WARN_UNUSED_VARIABLE = YES;
				IPHONEOS_DEPLOYMENT_TARGET = 15.0;
				MTL_ENABLE_DEBUG_INFO = NO;
				MTL_FAST_MATH = YES;
				SDKROOT = iphoneos;
				SWIFT_COMPILATION_MODE = wholemodule;
				SWIFT_OPTIMIZATION_LEVEL = "-O";
				VALIDATE_PRODUCT = YES;
			};
			name = Release;
		};
		87806DE02A6BEED000EA1C70 /* Debug */ = {
			isa = XCBuildConfiguration;
			buildSettings = {
				ASSETCATALOG_COMPILER_APPICON_NAME = AppIcon;
				ASSETCATALOG_COMPILER_GLOBAL_ACCENT_COLOR_NAME = AccentColor;
				CODE_SIGN_STYLE = Automatic;
				CURRENT_PROJECT_VERSION = 1;
				DEVELOPMENT_TEAM = Z3WGH6HULM;
				GENERATE_INFOPLIST_FILE = YES;
				INFOPLIST_FILE = SwiftWorkSpace/Info.plist;
				INFOPLIST_KEY_UIApplicationSupportsIndirectInputEvents = YES;
				INFOPLIST_KEY_UILaunchStoryboardName = LaunchScreen;
				INFOPLIST_KEY_UIMainStoryboardFile = Main;
				INFOPLIST_KEY_UISupportedInterfaceOrientations = "UIInterfaceOrientationLandscapeLeft UIInterfaceOrientationLandscapeRight UIInterfaceOrientationPortrait";
				INFOPLIST_KEY_UISupportedInterfaceOrientations_iPad = "UIInterfaceOrientationLandscapeLeft UIInterfaceOrientationPortrait UIInterfaceOrientationPortraitUpsideDown";
				IPHONEOS_DEPLOYMENT_TARGET = 15.0;
				LD_RUNPATH_SEARCH_PATHS = (
					"$(inherited)",
					"@executable_path/Frameworks",
				);
				MARKETING_VERSION = 1.0;
				PRODUCT_BUNDLE_IDENTIFIER = com.yamaguchi.SwiftWorkspace;
				PRODUCT_NAME = "$(TARGET_NAME)";
				SWIFT_EMIT_LOC_STRINGS = YES;
				SWIFT_VERSION = 5.0;
				TARGETED_DEVICE_FAMILY = "1,2";
			};
			name = Debug;
		};
		87806DE12A6BEED000EA1C70 /* Release */ = {
			isa = XCBuildConfiguration;
			buildSettings = {
				ASSETCATALOG_COMPILER_APPICON_NAME = AppIcon;
				ASSETCATALOG_COMPILER_GLOBAL_ACCENT_COLOR_NAME = AccentColor;
				CODE_SIGN_STYLE = Automatic;
				CURRENT_PROJECT_VERSION = 1;
				DEVELOPMENT_TEAM = Z3WGH6HULM;
				GENERATE_INFOPLIST_FILE = YES;
				INFOPLIST_FILE = SwiftWorkSpace/Info.plist;
				INFOPLIST_KEY_UIApplicationSupportsIndirectInputEvents = YES;
				INFOPLIST_KEY_UILaunchStoryboardName = LaunchScreen;
				INFOPLIST_KEY_UIMainStoryboardFile = Main;
				INFOPLIST_KEY_UISupportedInterfaceOrientations = "UIInterfaceOrientationLandscapeLeft UIInterfaceOrientationLandscapeRight UIInterfaceOrientationPortrait";
				INFOPLIST_KEY_UISupportedInterfaceOrientations_iPad = "UIInterfaceOrientationLandscapeLeft UIInterfaceOrientationPortrait UIInterfaceOrientationPortraitUpsideDown";
				IPHONEOS_DEPLOYMENT_TARGET = 15.0;
				LD_RUNPATH_SEARCH_PATHS = (
					"$(inherited)",
					"@executable_path/Frameworks",
				);
				MARKETING_VERSION = 1.0;
				PRODUCT_BUNDLE_IDENTIFIER = com.yamaguchi.SwiftWorkspace;
				PRODUCT_NAME = "$(TARGET_NAME)";
				SWIFT_EMIT_LOC_STRINGS = YES;
				SWIFT_VERSION = 5.0;
				TARGETED_DEVICE_FAMILY = "1,2";
			};
			name = Release;
		};
/* End XCBuildConfiguration section */

/* Begin XCConfigurationList section */
		87806DC62A6BEECC00EA1C70 /* Build configuration list for PBXProject "SwiftWorkspace" */ = {
			isa = XCConfigurationList;
			buildConfigurations = (
				87806DDD2A6BEED000EA1C70 /* Debug */,
				87806DDE2A6BEED000EA1C70 /* Release */,
			);
			defaultConfigurationIsVisible = 0;
			defaultConfigurationName = Release;
		};
		87806DDF2A6BEED000EA1C70 /* Build configuration list for PBXNativeTarget "SwiftWorkspace" */ = {
			isa = XCConfigurationList;
			buildConfigurations = (
				87806DE02A6BEED000EA1C70 /* Debug */,
				87806DE12A6BEED000EA1C70 /* Release */,
			);
			defaultConfigurationIsVisible = 0;
			defaultConfigurationName = Release;
		};
/* End XCConfigurationList section */
	};
	rootObject = 87806DC32A6BEECC00EA1C70 /* Project object */;
}
